{
  "name": "AdditionalJS",
  "lockfileVersion": 3,
  "requires": true,
  "packages": {
    "": {
      "dependencies": {
        "url-slug": "^4.0.1"
      }
    },
    "node_modules/url-slug": {
      "version": "4.0.1",
      "resolved": "https://registry.npmjs.org/url-slug/-/url-slug-4.0.1.tgz",
      "integrity": "sha512-OkHgffjR6bce7jNTp5BUDBhg2IcnqSAi9DEhLH8Rhxrq84uPBMbHFzvOxniEIRpSSGBcG13LhrtNR5XzUdztfQ==",
      "license": "MIT",
      "engines": {
        "node": ">=18.0.0"
      }
    }
  }
}
